[[package]]
name = "async-timeout"
version = "4.0.2"
description = "Timeout context manager for asyncio programs"
category = "main"
optional = false
python-versions = ">=3.6"

[package.dependencies]
typing-extensions = {version = ">=3.6.5", markers = "python_version < \"3.8\""}

[[package]]
name = "bitstring"
version = "3.1.9"
description = "Simple construction, analysis and modification of binary data."
category = "main"
optional = false
python-versions = "*"

[[package]]
name = "pyserial"
version = "3.5"
description = "Python Serial Port Extension"
category = "main"
optional = false
python-versions = "*"

[package.extras]
cp2110 = ["hidapi"]

[[package]]
name = "pyserial-asyncio"
version = "0.6"
description = "Python Serial Port Extension - Asynchronous I/O support"
category = "main"
optional = false
python-versions = "*"

[package.dependencies]
pyserial = "*"

[[package]]
name = "typing-extensions"
version = "4.1.1"
description = "Backported and Experimental Type Hints for Python 3.6+"
category = "main"
optional = false
python-versions = ">=3.6"

[metadata]
lock-version = "1.1"
python-versions = "^3.7"
content-hash = "404766f5520925975d5269ee3d87ce2422197115e7a0b13e9acbf60a390a0308"

[metadata.files]
async-timeout = [
    {file = "async-timeout-4.0.2.tar.gz", hash = "sha256:2163e1640ddb52b7a8c80d0a67a08587e5d245cc9c553a74a847056bc2976b15"},
    {file = "async_timeout-4.0.2-py3-none-any.whl", hash = "sha256:8ca1e4fcf50d07413d66d1a5e416e42cfdf5851c981d679a09851a6853383b3c"},
]
bitstring = [
    {file = "bitstring-3.1.9-py2-none-any.whl", hash = "sha256:e3e340e58900a948787a05e8c08772f1ccbe133f6f41fe3f0fa19a18a22bbf4f"},
    {file = "bitstring-3.1.9-py3-none-any.whl", hash = "sha256:0de167daa6a00c9386255a7cac931b45e6e24e0ad7ea64f1f92a64ac23ad4578"},
    {file = "bitstring-3.1.9.tar.gz", hash = "sha256:a5848a3f63111785224dca8bb4c0a75b62ecdef56a042c8d6be74b16f7e860e7"},
]
pyserial = [
    {file = "pyserial-3.5-py2.py3-none-any.whl", hash = "sha256:c4451db6ba391ca6ca299fb3ec7bae67a5c55dde170964c7a14ceefec02f2cf0"},
    {file = "pyserial-3.5.tar.gz", hash = "sha256:3c77e014170dfffbd816e6ffc205e9842efb10be9f58ec16d3e8675b4925cddb"},
]
pyserial-asyncio = [
    {file = "pyserial-asyncio-0.6.tar.gz", hash = "sha256:b6032923e05e9d75ec17a5af9a98429c46d2839adfaf80604d52e0faacd7a32f"},
    {file = "pyserial_asyncio-0.6-py3-none-any.whl", hash = "sha256:de9337922619421b62b9b1a84048634b3ac520e1d690a674ed246a2af7ce1fc5"},
]
typing-extensions = [
    {file = "typing_extensions-4.1.1-py3-none-any.whl", hash = "sha256:21c85e0fe4b9a155d0799430b0ad741cdce7e359660ccbd8b530613e8df88ce2"},
    {file = "typing_extensions-4.1.1.tar.gz", hash = "sha256:1a9462dcc3347a79b1f1c0271fbe79e844580bb598bafa1ed208b94da3cdcd42"},
]
